
Microsoft Visual Studio Solution File, Format Version 12.00
# Visual Studio Version 17
VisualStudioVersion = 17.1.32319.34
MinimumVisualStudioVersion = 10.0.40219.1
Project("{FAE04EC0-301F-11D3-BF4B-00C04F79EFBC}") = "Financial_Tamkeen.EmployeeManagement", "Financial_Tamkeen.EmployeeManagement\Financial_Tamkeen.EmployeeManagement.csproj", "{7AA9EBC0-4749-4910-B1E1-6F698DAF8C9D}"
EndProject
Global
	GlobalSection(SolutionConfigurationPlatforms) = preSolution
		Debug|Any CPU = Debug|Any CPU
		Release|Any CPU = Release|Any CPU
	EndGlobalSection
	GlobalSection(ProjectConfigurationPlatforms) = postSolution
		{7AA9EBC0-4749-4910-B1E1-6F698DAF8C9D}.Debug|Any CPU.ActiveCfg = Debug|Any CPU
		{7AA9EBC0-4749-4910-B1E1-6F698DAF8C9D}.Debug|Any CPU.Build.0 = Debug|Any CPU
		{7AA9EBC0-4749-4910-B1E1-6F698DAF8C9D}.Release|Any CPU.ActiveCfg = Release|Any CPU
		{7AA9EBC0-4749-4910-B1E1-6F698DAF8C9D}.Release|Any CPU.Build.0 = Release|Any CPU
	EndGlobalSection
	GlobalSection(SolutionProperties) = preSolution
		HideSolutionNode = FALSE
	EndGlobalSection
	GlobalSection(ExtensibilityGlobals) = postSolution
		SolutionGuid = {29693FC3-A6A5-414C-BFBA-00906284FE0B}
	EndGlobalSection
EndGlobal
